
Microsoft Visual Studio Solution File, Format Version 12.00
# Visual Studio Version 17
VisualStudioVersion = 17.3.32929.385
MinimumVisualStudioVersion = 10.0.40219.1
Project("{FAE04EC0-301F-11D3-BF4B-00C04F79EFBC}") = "DataSyncTool", "DataSyncTool\DataSyncTool.csproj", "{723BC9CC-4410-4C38-B9F5-40393FFC439E}"
EndProject
Global
	GlobalSection(SolutionConfigurationPlatforms) = preSolution
		Debug|Any CPU = Debug|Any CPU
		Release|Any CPU = Release|Any CPU
	EndGlobalSection
	GlobalSection(ProjectConfigurationPlatforms) = postSolution
		{723BC9CC-4410-4C38-B9F5-40393FFC439E}.Debug|Any CPU.ActiveCfg = Debug|Any CPU
		{723BC9CC-4410-4C38-B9F5-40393FFC439E}.Debug|Any CPU.Build.0 = Debug|Any CPU
		{723BC9CC-4410-4C38-B9F5-40393FFC439E}.Release|Any CPU.ActiveCfg = Release|Any CPU
		{723BC9CC-4410-4C38-B9F5-40393FFC439E}.Release|Any CPU.Build.0 = Release|Any CPU
	EndGlobalSection
	GlobalSection(SolutionProperties) = preSolution
		HideSolutionNode = FALSE
	EndGlobalSection
	GlobalSection(ExtensibilityGlobals) = postSolution
		SolutionGuid = {D9AB16B2-92A5-4C6D-908C-21CF62E52C27}
	EndGlobalSection
EndGlobal
